
Microsoft Visual Studio Solution File, Format Version 12.00
# Visual Studio Version 17
VisualStudioVersion = 17.5.002.0
MinimumVisualStudioVersion = 10.0.40219.1
Project("{9A19103F-16F7-4668-BE54-9A1E7A4F7556}") = "ArraysListas", "ArraysListas.csproj", "{1251E818-5508-4354-B7DE-D06144AE4C37}"
EndProject
Global
	GlobalSection(SolutionConfigurationPlatforms) = preSolution
		Debug|Any CPU = Debug|Any CPU
		Release|Any CPU = Release|Any CPU
	EndGlobalSection
	GlobalSection(ProjectConfigurationPlatforms) = postSolution
		{1251E818-5508-4354-B7DE-D06144AE4C37}.Debug|Any CPU.ActiveCfg = Debug|Any CPU
		{1251E818-5508-4354-B7DE-D06144AE4C37}.Debug|Any CPU.Build.0 = Debug|Any CPU
		{1251E818-5508-4354-B7DE-D06144AE4C37}.Release|Any CPU.ActiveCfg = Release|Any CPU
		{1251E818-5508-4354-B7DE-D06144AE4C37}.Release|Any CPU.Build.0 = Release|Any CPU
	EndGlobalSection
	GlobalSection(SolutionProperties) = preSolution
		HideSolutionNode = FALSE
	EndGlobalSection
	GlobalSection(ExtensibilityGlobals) = postSolution
		SolutionGuid = {14487A2B-66D2-4755-B732-20BDF6AA3F98}
	EndGlobalSection
EndGlobal
