Microsoft Visual Studio Solution File, Format Version 12.00
# Visual Studio Version 17
VisualStudioVersion = 17.5.2.0
MinimumVisualStudioVersion = 10.0.40219.1
Project("{FAE04EC0-301F-11D3-BF4B-00C04F79EFBC}") = "Serializacao", "Serializacao.csproj", "{0B05C6F9-88B3-E17A-6A5B-2889BBCD523A}"
EndProject
Global
	GlobalSection(SolutionConfigurationPlatforms) = preSolution
		Debug|Any CPU = Debug|Any CPU
		Release|Any CPU = Release|Any CPU
	EndGlobalSection
	GlobalSection(ProjectConfigurationPlatforms) = postSolution
		{0B05C6F9-88B3-E17A-6A5B-2889BBCD523A}.Debug|Any CPU.ActiveCfg = Debug|Any CPU
		{0B05C6F9-88B3-E17A-6A5B-2889BBCD523A}.Debug|Any CPU.Build.0 = Debug|Any CPU
		{0B05C6F9-88B3-E17A-6A5B-2889BBCD523A}.Release|Any CPU.ActiveCfg = Release|Any CPU
		{0B05C6F9-88B3-E17A-6A5B-2889BBCD523A}.Release|Any CPU.Build.0 = Release|Any CPU
	EndGlobalSection
	GlobalSection(SolutionProperties) = preSolution
		HideSolutionNode = FALSE
	EndGlobalSection
	GlobalSection(ExtensibilityGlobals) = postSolution
		SolutionGuid = {A322C5BC-4FFA-42A5-AB96-1A7CBAF3E5F4}
	EndGlobalSection
EndGlobal
